<?xml version="1.0" encoding="utf-8"?>
<Project ToolsVersion="4.0" xmlns="http://schemas.microsoft.com/developer/msbuild/2003">
  <ItemGroup>
    <Filter Include="Source Files">
      <UniqueIdentifier>{4FC737F1-C7A5-4376-A066-2A32D752A2FF}</UniqueIdentifier>
      <Extensions>cpp;c;cc;cxx;c++;cppm;ixx;def;odl;idl;hpj;bat;asm;asmx</Extensions>
    </Filter>
    <Filter Include="Header Files">
      <UniqueIdentifier>{93995380-89BD-4b04-88EB-625FBE52EBFB}</UniqueIdentifier>
      <Extensions>h;hh;hpp;hxx;h++;hm;inl;inc;ipp;xsd</Extensions>
    </Filter>
    <Filter Include="Resource Files">
      <UniqueIdentifier>{67DA6AB6-F800-4c08-8B7A-83BB121AAD01}</UniqueIdentifier>
      <Extensions>rc;ico;cur;bmp;dlg;rc2;rct;bin;rgs;gif;jpg;jpeg;jpe;resx;tiff;tif;png;wav;mfcribbon-ms</Extensions>
    </Filter>
  </ItemGroup>
  <ItemGroup>
    <ClCompile Include="Src\Game\Main.cpp">
      <Filter>Source Files</Filter>
    </ClCompile>
    <ClCompile Include="Src\Engine\Engine.cpp">
      <Filter>Source Files</Filter>
    </ClCompile>
    <ClCompile Include="Src\Engine\AssetManager.cpp">
      <Filter>Source Files</Filter>
    </ClCompile>
    <ClCompile Include="Src\Game\Game.cpp">
      <Filter>Source Files</Filter>
    </ClCompile>
    <ClCompile Include="Src\Engine\InputManager.cpp">
      <Filter>Source Files</Filter>
    </ClCompile>
    <ClCompile Include="Src\Engine\ECS\Components\Sprite.cpp">
      <Filter>Source Files</Filter>
    </ClCompile>
    <ClCompile Include="Src\Engine\ECS\ECS.cpp">
      <Filter>Source Files</Filter>
    </ClCompile>
    <ClCompile Include="Src\Engine\ECS\Components\Animation.cpp">
      <Filter>Source Files</Filter>
    </ClCompile>
    <ClCompile Include="Src\Game\Systems\OreClickSystem.cpp">
      <Filter>Source Files</Filter>
    </ClCompile>
    <ClCompile Include="Src\Game\Systems\HoverCursorSystem.cpp">
      <Filter>Source Files</Filter>
    </ClCompile>
    <ClCompile Include="Src\Game\Systems\OreGridSystem.cpp">
      <Filter>Source Files</Filter>
    </ClCompile>
    <ClCompile Include="Src\Engine\ECS\Systems\SpriteSystem.cpp">
      <Filter>Source Files</Filter>
    </ClCompile>
    <ClCompile Include="Src\Engine\ECS\Systems\AnimationSystem.cpp">
      <Filter>Source Files</Filter>
    </ClCompile>
    <ClCompile Include="Src\Game\Systems\OreMovementSystem.cpp">
      <Filter>Source Files</Filter>
    </ClCompile>
    <ClCompile Include="Src\Engine\ECS\Systems\RenderSystem.cpp">
      <Filter>Source Files</Filter>
    </ClCompile>
    <ClCompile Include="Src\Game\Systems\ScoreSystem.cpp">
      <Filter>Source Files</Filter>
    </ClCompile>
    <ClCompile Include="Src\Game\Systems\PointsPopupSystem.cpp">
      <Filter>Source Files</Filter>
    </ClCompile>
    <ClCompile Include="Src\Game\Systems\PushTimerSystem.cpp">
      <Filter>Source Files</Filter>
    </ClCompile>
    <ClCompile Include="Src\Game\Systems\SoundSystem.cpp">
      <Filter>Source Files</Filter>
    </ClCompile>
    <ClCompile Include="Src\Game\Systems\MenuSystem.cpp">
      <Filter>Source Files</Filter>
    </ClCompile>
    <ClCompile Include="Src\Game\Systems\FallingOresSystem.cpp">
      <Filter>Source Files</Filter>
    </ClCompile>
    <ClCompile Include="Src\Game\Systems\ClearEventsSystem.cpp">
      <Filter>Source Files</Filter>
    </ClCompile>
    <ClCompile Include="Src\Engine\ECS\Components\Button.cpp">
      <Filter>Source Files</Filter>
    </ClCompile>
    <ClCompile Include="Src\Engine\ECS\Systems\ButtonSystem.cpp">
      <Filter>Source Files</Filter>
    </ClCompile>
    <ClCompile Include="Src\Game\Systems\PushColumnSystem.cpp">
      <Filter>Source Files</Filter>
    </ClCompile>
    <ClCompile Include="Src\Engine\ECS\Systems\TextSystem.cpp">
      <Filter>Source Files</Filter>
    </ClCompile>
    <ClCompile Include="Src\Engine\ECS\Components\Renderable.cpp">
      <Filter>Source Files</Filter>
    </ClCompile>
    <ClCompile Include="Src\Game\Systems\CharacterSystem.cpp">
      <Filter>Source Files</Filter>
    </ClCompile>
    <ClCompile Include="Src\Game\Systems\HighScoreSystem.cpp">
      <Filter>Source Files</Filter>
    </ClCompile>
  </ItemGroup>
  <ItemGroup>
    <ClInclude Include="Src\Engine\Engine.h">
      <Filter>Header Files</Filter>
    </ClInclude>
    <ClInclude Include="Src\Engine\ECS\ECS.h">
      <Filter>Header Files</Filter>
    </ClInclude>
    <ClInclude Include="Src\Engine\ECS\Components\Transform.h">
      <Filter>Header Files</Filter>
    </ClInclude>
    <ClInclude Include="Src\Engine\Math\Vector2.h">
      <Filter>Header Files</Filter>
    </ClInclude>
    <ClInclude Include="Src\Engine\ECS\Components\Sprite.h">
      <Filter>Header Files</Filter>
    </ClInclude>
    <ClInclude Include="Src\Engine\AssetManager.h">
      <Filter>Header Files</Filter>
    </ClInclude>
    <ClInclude Include="Src\Game\Game.h">
      <Filter>Header Files</Filter>
    </ClInclude>
    <ClInclude Include="Src\Engine\InputManager.h">
      <Filter>Header Files</Filter>
    </ClInclude>
    <ClInclude Include="Src\Engine\Singleton.h">
      <Filter>Header Files</Filter>
    </ClInclude>
    <ClInclude Include="Src\Game\Components\Ore.h">
      <Filter>Header Files</Filter>
    </ClInclude>
    <ClInclude Include="Src\Game\OreData.h">
      <Filter>Header Files</Filter>
    </ClInclude>
    <ClInclude Include="Src\Engine\ECS\Components\Animation.h">
      <Filter>Header Files</Filter>
    </ClInclude>
    <ClInclude Include="Src\Game\Components\HoverCursor.h">
      <Filter>Header Files</Filter>
    </ClInclude>
    <ClInclude Include="Src\Game\Systems\OreClickSystem.h">
      <Filter>Header Files</Filter>
    </ClInclude>
    <ClInclude Include="Src\Game\Events\HoverCursorAttachEvent.h">
      <Filter>Header Files</Filter>
    </ClInclude>
    <ClInclude Include="Src\Game\Events\HoverCursorReleaseEvent.h">
      <Filter>Header Files</Filter>
    </ClInclude>
    <ClInclude Include="Src\Game\Events\OreSelectedEvent.h">
      <Filter>Header Files</Filter>
    </ClInclude>
    <ClInclude Include="Src\Game\Systems\HoverCursorSystem.h">
      <Filter>Header Files</Filter>
    </ClInclude>
    <ClInclude Include="Src\Game\Systems\OreGridSystem.h">
      <Filter>Header Files</Filter>
    </ClInclude>
    <ClInclude Include="Src\Engine\ECS\Systems\SpriteSystem.h">
      <Filter>Header Files</Filter>
    </ClInclude>
    <ClInclude Include="Src\Engine\ECS\Systems\AnimationSystem.h">
      <Filter>Header Files</Filter>
    </ClInclude>
    <ClInclude Include="Src\Game\Systems\OreMovementSystem.h">
      <Filter>Header Files</Filter>
    </ClInclude>
    <ClInclude Include="Src\Engine\RenderLayer.h">
      <Filter>Header Files</Filter>
    </ClInclude>
    <ClInclude Include="Src\Engine\ECS\Components\Text.h">
      <Filter>Header Files</Filter>
    </ClInclude>
    <ClInclude Include="Src\Engine\ECS\Systems\RenderSystem.h">
      <Filter>Header Files</Filter>
    </ClInclude>
    <ClInclude Include="Src\Engine\ECS\Components\Renderable.h">
      <Filter>Header Files</Filter>
    </ClInclude>
    <ClInclude Include="Src\Game\Events\OreDestroyedEvent.h">
      <Filter>Header Files</Filter>
    </ClInclude>
    <ClInclude Include="Src\Game\Systems\ScoreSystem.h">
      <Filter>Header Files</Filter>
    </ClInclude>
    <ClInclude Include="Src\Game\Systems\PointsPopupSystem.h">
      <Filter>Header Files</Filter>
    </ClInclude>
    <ClInclude Include="Src\Game\Components\PointsPopup.h">
      <Filter>Header Files</Filter>
    </ClInclude>
    <ClInclude Include="Src\Engine\Math\Math.h">
      <Filter>Header Files</Filter>
    </ClInclude>
    <ClInclude Include="Src\Game\Systems\PushTimerSystem.h">
      <Filter>Header Files</Filter>
    </ClInclude>
    <ClInclude Include="Src\Game\Events\PushEvent.h">
      <Filter>Header Files</Filter>
    </ClInclude>
    <ClInclude Include="Src\Game\Events\LevelUpEvent.h">
      <Filter>Header Files</Filter>
    </ClInclude>
    <ClInclude Include="Src\Engine\ECS\Components\Audio.h">
      <Filter>Header Files</Filter>
    </ClInclude>
    <ClInclude Include="Src\Game\Systems\SoundSystem.h">
      <Filter>Header Files</Filter>
    </ClInclude>
    <ClInclude Include="Src\Game\Systems\MenuSystem.h">
      <Filter>Header Files</Filter>
    </ClInclude>
    <ClInclude Include="Src\Game\Components\FallingOre.h">
      <Filter>Header Files</Filter>
    </ClInclude>
    <ClInclude Include="Src\Game\Systems\FallingOresSystem.h">
      <Filter>Header Files</Filter>
    </ClInclude>
    <ClInclude Include="Src\Game\Events\OreDestroyedInLevelUpEvent.h">
      <Filter>Header Files</Filter>
    </ClInclude>
    <ClInclude Include="Src\Game\Systems\ClearEventsSystem.h">
      <Filter>Header Files</Filter>
    </ClInclude>
    <ClInclude Include="Src\Engine\ECS\Components\Button.h">
      <Filter>Header Files</Filter>
    </ClInclude>
    <ClInclude Include="Src\Engine\ECS\Systems\ButtonSystem.h">
      <Filter>Header Files</Filter>
    </ClInclude>
    <ClInclude Include="Src\Game\Systems\PushColumnSystem.h">
      <Filter>Header Files</Filter>
    </ClInclude>
    <ClInclude Include="Src\Engine\ECS\Systems\TextSystem.h">
      <Filter>Header Files</Filter>
    </ClInclude>
    <ClInclude Include="Src\Game\Events\StartGameEvent.h">
      <Filter>Header Files</Filter>
    </ClInclude>
    <ClInclude Include="Src\Game\Events\PauseGameEvent.h">
      <Filter>Header Files</Filter>
    </ClInclude>
    <ClInclude Include="Src\Game\Events\GameOverEvent.h">
      <Filter>Header Files</Filter>
    </ClInclude>
    <ClInclude Include="Src\Game\Events\ResumeGameEvent.h">
      <Filter>Header Files</Filter>
    </ClInclude>
    <ClInclude Include="Src\Game\Systems\CharacterSystem.h">
      <Filter>Header Files</Filter>
    </ClInclude>
    <ClInclude Include="resource.h">
      <Filter>Header Files</Filter>
    </ClInclude>
    <ClInclude Include="Src\Game\Systems\HighScoreSystem.h">
      <Filter>Header Files</Filter>
    </ClInclude>
  </ItemGroup>
  <ItemGroup>
    <ResourceCompile Include="Ores.rc">
      <Filter>Resource Files</Filter>
    </ResourceCompile>
  </ItemGroup>
  <ItemGroup>
    <Image Include="icon1.ico">
      <Filter>Resource Files</Filter>
    </Image>
    <Image Include="Assets\Textures\CaveIn.ico">
      <Filter>Resource Files</Filter>
    </Image>
  </ItemGroup>
</Project>